
Microsoft Visual Studio Solution File, Format Version 12.00
# Visual Studio Version 17
VisualStudioVersion = 17.14.36623.8
MinimumVisualStudioVersion = 10.0.40219.1
Project("{FAE04EC0-301F-11D3-BF4B-00C04F79EFBC}") = "MediatRR", "src\MediatRR\MediatRR.csproj", "{78E5C046-4649-4948-BAF6-40960E5869E8}"
EndProject
Project("{FAE04EC0-301F-11D3-BF4B-00C04F79EFBC}") = "MediatRR.Contract", "src\MediatRR.Contract\MediatRR.Contract.csproj", "{B1EC9D23-47C9-415A-BCE3-9B8083FAC86C}"
EndProject
Project("{FAE04EC0-301F-11D3-BF4B-00C04F79EFBC}") = "MediatRR.TestApp", "tests\MediatRR.TestApp\MediatRR.TestApp.csproj", "{027FD9C9-4985-415F-90DB-8ED9939461E2}"
EndProject
Project("{FAE04EC0-301F-11D3-BF4B-00C04F79EFBC}") = "MediatRR.Tests", "tests\MediatRR.Tests\MediatRR.Tests.csproj", "{66CFDE77-13A8-4D1B-A82D-4123AB8D9EB3}"
EndProject
Project("{FAE04EC0-301F-11D3-BF4B-00C04F79EFBC}") = "MediatRR.Documentation.Examples", "tests\MediatRR.Documentation.Examples\MediatRR.Documentation.Examples.csproj", "{B2BCF63B-9C95-475B-A6C9-DEE7F831B14C}"
EndProject
Global
	GlobalSection(SolutionConfigurationPlatforms) = preSolution
		Debug|Any CPU = Debug|Any CPU
		Debug|x64 = Debug|x64
		Debug|x86 = Debug|x86
		Release|Any CPU = Release|Any CPU
		Release|x64 = Release|x64
		Release|x86 = Release|x86
	EndGlobalSection
	GlobalSection(ProjectConfigurationPlatforms) = postSolution
		{78E5C046-4649-4948-BAF6-40960E5869E8}.Debug|Any CPU.ActiveCfg = Debug|Any CPU
		{78E5C046-4649-4948-BAF6-40960E5869E8}.Debug|Any CPU.Build.0 = Debug|Any CPU
		{78E5C046-4649-4948-BAF6-40960E5869E8}.Debug|x64.ActiveCfg = Debug|Any CPU
		{78E5C046-4649-4948-BAF6-40960E5869E8}.Debug|x64.Build.0 = Debug|Any CPU
		{78E5C046-4649-4948-BAF6-40960E5869E8}.Debug|x86.ActiveCfg = Debug|Any CPU
		{78E5C046-4649-4948-BAF6-40960E5869E8}.Debug|x86.Build.0 = Debug|Any CPU
		{78E5C046-4649-4948-BAF6-40960E5869E8}.Release|Any CPU.ActiveCfg = Release|Any CPU
		{78E5C046-4649-4948-BAF6-40960E5869E8}.Release|Any CPU.Build.0 = Release|Any CPU
		{78E5C046-4649-4948-BAF6-40960E5869E8}.Release|x64.ActiveCfg = Release|Any CPU
		{78E5C046-4649-4948-BAF6-40960E5869E8}.Release|x64.Build.0 = Release|Any CPU
		{78E5C046-4649-4948-BAF6-40960E5869E8}.Release|x86.ActiveCfg = Release|Any CPU
		{78E5C046-4649-4948-BAF6-40960E5869E8}.Release|x86.Build.0 = Release|Any CPU
		{B1EC9D23-47C9-415A-BCE3-9B8083FAC86C}.Debug|Any CPU.ActiveCfg = Release|Any CPU
		{B1EC9D23-47C9-415A-BCE3-9B8083FAC86C}.Debug|Any CPU.Build.0 = Release|Any CPU
		{B1EC9D23-47C9-415A-BCE3-9B8083FAC86C}.Debug|x64.ActiveCfg = Debug|Any CPU
		{B1EC9D23-47C9-415A-BCE3-9B8083FAC86C}.Debug|x64.Build.0 = Debug|Any CPU
		{B1EC9D23-47C9-415A-BCE3-9B8083FAC86C}.Debug|x86.ActiveCfg = Debug|Any CPU
		{B1EC9D23-47C9-415A-BCE3-9B8083FAC86C}.Debug|x86.Build.0 = Debug|Any CPU
		{B1EC9D23-47C9-415A-BCE3-9B8083FAC86C}.Release|Any CPU.ActiveCfg = Release|Any CPU
		{B1EC9D23-47C9-415A-BCE3-9B8083FAC86C}.Release|Any CPU.Build.0 = Release|Any CPU
		{B1EC9D23-47C9-415A-BCE3-9B8083FAC86C}.Release|x64.ActiveCfg = Release|Any CPU
		{B1EC9D23-47C9-415A-BCE3-9B8083FAC86C}.Release|x64.Build.0 = Release|Any CPU
		{B1EC9D23-47C9-415A-BCE3-9B8083FAC86C}.Release|x86.ActiveCfg = Release|Any CPU
		{B1EC9D23-47C9-415A-BCE3-9B8083FAC86C}.Release|x86.Build.0 = Release|Any CPU
		{027FD9C9-4985-415F-90DB-8ED9939461E2}.Debug|Any CPU.ActiveCfg = Debug|Any CPU
		{027FD9C9-4985-415F-90DB-8ED9939461E2}.Debug|Any CPU.Build.0 = Debug|Any CPU
		{027FD9C9-4985-415F-90DB-8ED9939461E2}.Debug|x64.ActiveCfg = Debug|Any CPU
		{027FD9C9-4985-415F-90DB-8ED9939461E2}.Debug|x64.Build.0 = Debug|Any CPU
		{027FD9C9-4985-415F-90DB-8ED9939461E2}.Debug|x86.ActiveCfg = Debug|Any CPU
		{027FD9C9-4985-415F-90DB-8ED9939461E2}.Debug|x86.Build.0 = Debug|Any CPU
		{027FD9C9-4985-415F-90DB-8ED9939461E2}.Release|Any CPU.ActiveCfg = Release|Any CPU
		{027FD9C9-4985-415F-90DB-8ED9939461E2}.Release|Any CPU.Build.0 = Release|Any CPU
		{027FD9C9-4985-415F-90DB-8ED9939461E2}.Release|x64.ActiveCfg = Release|Any CPU
		{027FD9C9-4985-415F-90DB-8ED9939461E2}.Release|x64.Build.0 = Release|Any CPU
		{027FD9C9-4985-415F-90DB-8ED9939461E2}.Release|x86.ActiveCfg = Release|Any CPU
		{027FD9C9-4985-415F-90DB-8ED9939461E2}.Release|x86.Build.0 = Release|Any CPU
		{66CFDE77-13A8-4D1B-A82D-4123AB8D9EB3}.Debug|Any CPU.ActiveCfg = Debug|Any CPU
		{66CFDE77-13A8-4D1B-A82D-4123AB8D9EB3}.Debug|Any CPU.Build.0 = Debug|Any CPU
		{66CFDE77-13A8-4D1B-A82D-4123AB8D9EB3}.Debug|x64.ActiveCfg = Debug|Any CPU
		{66CFDE77-13A8-4D1B-A82D-4123AB8D9EB3}.Debug|x64.Build.0 = Debug|Any CPU
		{66CFDE77-13A8-4D1B-A82D-4123AB8D9EB3}.Debug|x86.ActiveCfg = Debug|Any CPU
		{66CFDE77-13A8-4D1B-A82D-4123AB8D9EB3}.Debug|x86.Build.0 = Debug|Any CPU
		{66CFDE77-13A8-4D1B-A82D-4123AB8D9EB3}.Release|Any CPU.ActiveCfg = Release|Any CPU
		{66CFDE77-13A8-4D1B-A82D-4123AB8D9EB3}.Release|Any CPU.Build.0 = Release|Any CPU
		{66CFDE77-13A8-4D1B-A82D-4123AB8D9EB3}.Release|x64.ActiveCfg = Release|Any CPU
		{66CFDE77-13A8-4D1B-A82D-4123AB8D9EB3}.Release|x64.Build.0 = Release|Any CPU
		{66CFDE77-13A8-4D1B-A82D-4123AB8D9EB3}.Release|x86.ActiveCfg = Release|Any CPU
		{66CFDE77-13A8-4D1B-A82D-4123AB8D9EB3}.Release|x86.Build.0 = Release|Any CPU
		{B2BCF63B-9C95-475B-A6C9-DEE7F831B14C}.Debug|Any CPU.ActiveCfg = Debug|Any CPU
		{B2BCF63B-9C95-475B-A6C9-DEE7F831B14C}.Debug|Any CPU.Build.0 = Debug|Any CPU
		{B2BCF63B-9C95-475B-A6C9-DEE7F831B14C}.Debug|x64.ActiveCfg = Debug|Any CPU
		{B2BCF63B-9C95-475B-A6C9-DEE7F831B14C}.Debug|x64.Build.0 = Debug|Any CPU
		{B2BCF63B-9C95-475B-A6C9-DEE7F831B14C}.Debug|x86.ActiveCfg = Debug|Any CPU
		{B2BCF63B-9C95-475B-A6C9-DEE7F831B14C}.Debug|x86.Build.0 = Debug|Any CPU
		{B2BCF63B-9C95-475B-A6C9-DEE7F831B14C}.Release|Any CPU.ActiveCfg = Release|Any CPU
		{B2BCF63B-9C95-475B-A6C9-DEE7F831B14C}.Release|Any CPU.Build.0 = Release|Any CPU
		{B2BCF63B-9C95-475B-A6C9-DEE7F831B14C}.Release|x64.ActiveCfg = Release|Any CPU
		{B2BCF63B-9C95-475B-A6C9-DEE7F831B14C}.Release|x64.Build.0 = Release|Any CPU
		{B2BCF63B-9C95-475B-A6C9-DEE7F831B14C}.Release|x86.ActiveCfg = Release|Any CPU
		{B2BCF63B-9C95-475B-A6C9-DEE7F831B14C}.Release|x86.Build.0 = Release|Any CPU
	EndGlobalSection
	GlobalSection(SolutionProperties) = preSolution
		HideSolutionNode = FALSE
	EndGlobalSection
	GlobalSection(ExtensibilityGlobals) = postSolution
		SolutionGuid = {22312EE8-DF0A-4028-8F32-1A8E59A4EF80}
	EndGlobalSection
EndGlobal
